
Microsoft Visual Studio Solution File, Format Version 12.00
# Visual Studio 15
VisualStudioVersion = 15.0.27703.2035
MinimumVisualStudioVersion = 10.0.40219.1
Project("{FAE04EC0-301F-11D3-BF4B-00C04F79EFBC}") = "TeamPowered", "TeamPowered\TeamPowered.csproj", "{5F209D36-6D58-414B-88D3-68F8CD3E393A}"
EndProject
Global
	GlobalSection(SolutionConfigurationPlatforms) = preSolution
		Debug|Any CPU = Debug|Any CPU
		Release|Any CPU = Release|Any CPU
	EndGlobalSection
	GlobalSection(ProjectConfigurationPlatforms) = postSolution
		{5F209D36-6D58-414B-88D3-68F8CD3E393A}.Debug|Any CPU.ActiveCfg = Debug|Any CPU
		{5F209D36-6D58-414B-88D3-68F8CD3E393A}.Debug|Any CPU.Build.0 = Debug|Any CPU
		{5F209D36-6D58-414B-88D3-68F8CD3E393A}.Release|Any CPU.ActiveCfg = Release|Any CPU
		{5F209D36-6D58-414B-88D3-68F8CD3E393A}.Release|Any CPU.Build.0 = Release|Any CPU
	EndGlobalSection
	GlobalSection(SolutionProperties) = preSolution
		HideSolutionNode = FALSE
	EndGlobalSection
	GlobalSection(ExtensibilityGlobals) = postSolution
		SolutionGuid = {95BA4FD4-25E7-4034-9CA5-B86F28C38425}
	EndGlobalSection
EndGlobal
